// !$*UTF8*$!
{
	archiveVersion = 1;
	classes = {
	};
	objectVersion = 50;
	objects = {

/* Begin PBXBuildFile section */
		BE046DC125656CE1009A8430 /* CollectionsWithSwiftUIApp.swift in Sources */ = {isa = PBXBuildFile; fileRef = BE046DC025656CE1009A8430 /* CollectionsWithSwiftUIApp.swift */; };
		BE046DC325656CE1009A8430 /* ContentView.swift in Sources */ = {isa = PBXBuildFile; fileRef = BE046DC225656CE1009A8430 /* ContentView.swift */; };
		BE046DC525656CE3009A8430 /* Assets.xcassets in Resources */ = {isa = PBXBuildFile; fileRef = BE046DC425656CE3009A8430 /* Assets.xcassets */; };
		BE046DC825656CE3009A8430 /* Preview Assets.xcassets in Resources */ = {isa = PBXBuildFile; fileRef = BE046DC725656CE3009A8430 /* Preview Assets.xcassets */; };
		DB8D09C62565C7740059BDD1 /* Item.swift in Sources */ = {isa = PBXBuildFile; fileRef = DB8D09C52565C7740059BDD1 /* Item.swift */; };
		DB8D09C92565C78C0059BDD1 /* ItemCell.swift in Sources */ = {isa = PBXBuildFile; fileRef = DB8D09C82565C78C0059BDD1 /* ItemCell.swift */; };
		DB8D09CC2565C7B10059BDD1 /* CollectionView.swift in Sources */ = {isa = PBXBuildFile; fileRef = DB8D09CB2565C7B10059BDD1 /* CollectionView.swift */; };
/* End PBXBuildFile section */

/* Begin PBXFileReference section */
		BE046DBD25656CE1009A8430 /* CollectionsWithSwiftUI.app */ = {isa = PBXFileReference; explicitFileType = wrapper.application; includeInIndex = 0; path = CollectionsWithSwiftUI.app; sourceTree = BUILT_PRODUCTS_DIR; };
		BE046DC025656CE1009A8430 /* CollectionsWithSwiftUIApp.swift */ = {isa = PBXFileReference; lastKnownFileType = sourcecode.swift; path = CollectionsWithSwiftUIApp.swift; sourceTree = "<group>"; };
		BE046DC225656CE1009A8430 /* ContentView.swift */ = {isa = PBXFileReference; lastKnownFileType = sourcecode.swift; path = ContentView.swift; sourceTree = "<group>"; };
		BE046DC425656CE3009A8430 /* Assets.xcassets */ = {isa = PBXFileReference; lastKnownFileType = folder.assetcatalog; path = Assets.xcassets; sourceTree = "<group>"; };
		BE046DC725656CE3009A8430 /* Preview Assets.xcassets */ = {isa = PBXFileReference; lastKnownFileType = folder.assetcatalog; path = "Preview Assets.xcassets"; sourceTree = "<group>"; };
		BE046DC925656CE3009A8430 /* Info.plist */ = {isa = PBXFileReference; lastKnownFileType = text.plist.xml; path = Info.plist; sourceTree = "<group>"; };
		DB8D09C52565C7740059BDD1 /* Item.swift */ = {isa = PBXFileReference; lastKnownFileType = sourcecode.swift; path = Item.swift; sourceTree = "<group>"; };
		DB8D09C82565C78C0059BDD1 /* ItemCell.swift */ = {isa = PBXFileReference; lastKnownFileType = sourcecode.swift; path = ItemCell.swift; sourceTree = "<group>"; };
		DB8D09CB2565C7B10059BDD1 /* CollectionView.swift */ = {isa = PBXFileReference; lastKnownFileType = sourcecode.swift; path = CollectionView.swift; sourceTree = "<group>"; };
/* End PBXFileReference section */

/* Begin PBXFrameworksBuildPhase section */
		BE046DBA25656CE1009A8430 /* Frameworks */ = {
			isa = PBXFrameworksBuildPhase;
			buildActionMask = 2147483647;
			files = (
			);
			runOnlyForDeploymentPostprocessing = 0;
		};
/* End PBXFrameworksBuildPhase section */

/* Begin PBXGroup section */
		BE046DB425656CE1009A8430 = {
			isa = PBXGroup;
			children = (
				BE046DBF25656CE1009A8430 /* CollectionsWithSwiftUI */,
				BE046DBE25656CE1009A8430 /* Products */,
			);
			sourceTree = "<group>";
		};
		BE046DBE25656CE1009A8430 /* Products */ = {
			isa = PBXGroup;
			children = (
				BE046DBD25656CE1009A8430 /* CollectionsWithSwiftUI.app */,
			);
			name = Products;
			sourceTree = "<group>";
		};
		BE046DBF25656CE1009A8430 /* CollectionsWithSwiftUI */ = {
			isa = PBXGroup;
			children = (
				BE046DC025656CE1009A8430 /* CollectionsWithSwiftUIApp.swift */,
				BE046DC225656CE1009A8430 /* ContentView.swift */,
				DB8D09CB2565C7B10059BDD1 /* CollectionView.swift */,
				DB8D09C82565C78C0059BDD1 /* ItemCell.swift */,
				DB8D09C52565C7740059BDD1 /* Item.swift */,
				BE046DC425656CE3009A8430 /* Assets.xcassets */,
				BE046DC925656CE3009A8430 /* Info.plist */,
				BE046DC625656CE3009A8430 /* Preview Content */,
			);
			path = CollectionsWithSwiftUI;
			sourceTree = "<group>";
		};
		BE046DC625656CE3009A8430 /* Preview Content */ = {
			isa = PBXGroup;
			children = (
				BE046DC725656CE3009A8430 /* Preview Assets.xcassets */,
			);
			path = "Preview Content";
			sourceTree = "<group>";
		};
/* End PBXGroup section */

/* Begin PBXNativeTarget section */
		BE046DBC25656CE1009A8430 /* CollectionsWithSwiftUI */ = {
			isa = PBXNativeTarget;
			buildConfigurationList = BE046DCC25656CE3009A8430 /* Build configuration list for PBXNativeTarget "CollectionsWithSwiftUI" */;
			buildPhases = (
				BE046DB925656CE1009A8430 /* Sources */,
				BE046DBA25656CE1009A8430 /* Frameworks */,
				BE046DBB25656CE1009A8430 /* Resources */,
			);
			buildRules = (
			);
			dependencies = (
			);
			name = CollectionsWithSwiftUI;
			productName = CollectionsWithSwiftUI;
			productReference = BE046DBD25656CE1009A8430 /* CollectionsWithSwiftUI.app */;
			productType = "com.apple.product-type.application";
		};
/* End PBXNativeTarget section */

/* Begin PBXProject section */
		BE046DB525656CE1009A8430 /* Project object */ = {
			isa = PBXProject;
			attributes = {
				LastSwiftUpdateCheck = 1220;
				LastUpgradeCheck = 1220;
				TargetAttributes = {
					BE046DBC25656CE1009A8430 = {
						CreatedOnToolsVersion = 12.2;
					};
				};
			};
			buildConfigurationList = BE046DB825656CE1009A8430 /* Build configuration list for PBXProject "CollectionsWithSwiftUI" */;
			compatibilityVersion = "Xcode 9.3";
			developmentRegion = en;
			hasScannedForEncodings = 0;
			knownRegions = (
				en,
				Base,
			);
			mainGroup = BE046DB425656CE1009A8430;
			productRefGroup = BE046DBE25656CE1009A8430 /* Products */;
			projectDirPath = "";
			projectRoot = "";
			targets = (
				BE046DBC25656CE1009A8430 /* CollectionsWithSwiftUI */,
			);
		};
/* End PBXProject section */

/* Begin PBXResourcesBuildPhase section */
		BE046DBB25656CE1009A8430 /* Resources */ = {
			isa = PBXResourcesBuildPhase;
			buildActionMask = 2147483647;
			files = (
				BE046DC825656CE3009A8430 /* Preview Assets.xcassets in Resources */,
				BE046DC525656CE3009A8430 /* Assets.xcassets in Resources */,
			);
			runOnlyForDeploymentPostprocessing = 0;
		};
/* End PBXResourcesBuildPhase section */

/* Begin PBXSourcesBuildPhase section */
		BE046DB925656CE1009A8430 /* Sources */ = {
			isa = PBXSourcesBuildPhase;
			buildActionMask = 2147483647;
			files = (
				DB8D09C92565C78C0059BDD1 /* ItemCell.swift in Sources */,
				DB8D09CC2565C7B10059BDD1 /* CollectionView.swift in Sources */,
				BE046DC325656CE1009A8430 /* ContentView.swift in Sources */,
				DB8D09C62565C7740059BDD1 /* Item.swift in Sources */,
				BE046DC125656CE1009A8430 /* CollectionsWithSwiftUIApp.swift in Sources */,
			);
			runOnlyForDeploymentPostprocessing = 0;
		};
/* End PBXSourcesBuildPhase section */

/* Begin XCBuildConfiguration section */
		BE046DCA25656CE3009A8430 /* Debug */ = {
			isa = XCBuildConfiguration;
			buildSettings = {
				ALWAYS_SEARCH_USER_PATHS = NO;
				CLANG_ANALYZER_NONNULL = YES;
				CLANG_ANALYZER_NUMBER_OBJECT_CONVERSION = YES_AGGRESSIVE;
				CLANG_CXX_LANGUAGE_STANDARD = "gnu++14";
				CLANG_CXX_LIBRARY = "libc++";
				CLANG_ENABLE_MODULES = YES;
				CLANG_ENABLE_OBJC_ARC = YES;
				CLANG_ENABLE_OBJC_WEAK = YES;
				CLANG_WARN_BLOCK_CAPTURE_AUTORELEASING = YES;
				CLANG_WARN_BOOL_CONVERSION = YES;
				CLANG_WARN_COMMA = YES;
				CLANG_WARN_CONSTANT_CONVERSION = YES;
				CLANG_WARN_DEPRECATED_OBJC_IMPLEMENTATIONS = YES;
				CLANG_WARN_DIRECT_OBJC_ISA_USAGE = YES_ERROR;
				CLANG_WARN_DOCUMENTATION_COMMENTS = YES;
				CLANG_WARN_EMPTY_BODY = YES;
				CLANG_WARN_ENUM_CONVERSION = YES;
				CLANG_WARN_INFINITE_RECURSION = YES;
				CLANG_WARN_INT_CONVERSION = YES;
				CLANG_WARN_NON_LITERAL_NULL_CONVERSION = YES;
				CLANG_WARN_OBJC_IMPLICIT_RETAIN_SELF = YES;
				CLANG_WARN_OBJC_LITERAL_CONVERSION = YES;
				CLANG_WARN_OBJC_ROOT_CLASS = YES_ERROR;
				CLANG_WARN_QUOTED_INCLUDE_IN_FRAMEWORK_HEADER = YES;
				CLANG_WARN_RANGE_LOOP_ANALYSIS = YES;
				CLANG_WARN_STRICT_PROTOTYPES = YES;
				CLANG_WARN_SUSPICIOUS_MOVE = YES;
				CLANG_WARN_UNGUARDED_AVAILABILITY = YES_AGGRESSIVE;
				CLANG_WARN_UNREACHABLE_CODE = YES;
				CLANG_WARN__DUPLICATE_METHOD_MATCH = YES;
				COPY_PHASE_STRIP = NO;
				DEBUG_INFORMATION_FORMAT = dwarf;
				ENABLE_STRICT_OBJC_MSGSEND = YES;
				ENABLE_TESTABILITY = YES;
				GCC_C_LANGUAGE_STANDARD = gnu11;
				GCC_DYNAMIC_NO_PIC = NO;
				GCC_NO_COMMON_BLOCKS = YES;
				GCC_OPTIMIZATION_LEVEL = 0;
				GCC_PREPROCESSOR_DEFINITIONS = (
					"DEBUG=1",
					"$(inherited)",
				);
				GCC_WARN_64_TO_32_BIT_CONVERSION = YES;
				GCC_WARN_ABOUT_RETURN_TYPE = YES_ERROR;
				GCC_WARN_UNDECLARED_SELECTOR = YES;
				GCC_WARN_UNINITIALIZED_AUTOS = YES_AGGRESSIVE;
				GCC_WARN_UNUSED_FUNCTION = YES;
				GCC_WARN_UNUSED_VARIABLE = YES;
				IPHONEOS_DEPLOYMENT_TARGET = 14.2;
				MTL_ENABLE_DEBUG_INFO = INCLUDE_SOURCE;
				MTL_FAST_MATH = YES;
				ONLY_ACTIVE_ARCH = YES;
				SDKROOT = iphoneos;
				SWIFT_ACTIVE_COMPILATION_CONDITIONS = DEBUG;
				SWIFT_OPTIMIZATION_LEVEL = "-Onone";
			};
			name = Debug;
		};
		BE046DCB25656CE3009A8430 /* Release */ = {
			isa = XCBuildConfiguration;
			buildSettings = {
				ALWAYS_SEARCH_USER_PATHS = NO;
				CLANG_ANALYZER_NONNULL = YES;
				CLANG_ANALYZER_NUMBER_OBJECT_CONVERSION = YES_AGGRESSIVE;
				CLANG_CXX_LANGUAGE_STANDARD = "gnu++14";
				CLANG_CXX_LIBRARY = "libc++";
				CLANG_ENABLE_MODULES = YES;
				CLANG_ENABLE_OBJC_ARC = YES;
				CLANG_ENABLE_OBJC_WEAK = YES;
				CLANG_WARN_BLOCK_CAPTURE_AUTORELEASING = YES;
				CLANG_WARN_BOOL_CONVERSION = YES;
				CLANG_WARN_COMMA = YES;
				CLANG_WARN_CONSTANT_CONVERSION = YES;
				CLANG_WARN_DEPRECATED_OBJC_IMPLEMENTATIONS = YES;
				CLANG_WARN_DIRECT_OBJC_ISA_USAGE = YES_ERROR;
				CLANG_WARN_DOCUMENTATION_COMMENTS = YES;
				CLANG_WARN_EMPTY_BODY = YES;
				CLANG_WARN_ENUM_CONVERSION = YES;
				CLANG_WARN_INFINITE_RECURSION = YES;
				CLANG_WARN_INT_CONVERSION = YES;
				CLANG_WARN_NON_LITERAL_NULL_CONVERSION = YES;
				CLANG_WARN_OBJC_IMPLICIT_RETAIN_SELF = YES;
				CLANG_WARN_OBJC_LITERAL_CONVERSION = YES;
				CLANG_WARN_OBJC_ROOT_CLASS = YES_ERROR;
				CLANG_WARN_QUOTED_INCLUDE_IN_FRAMEWORK_HEADER = YES;
				CLANG_WARN_RANGE_LOOP_ANALYSIS = YES;
				CLANG_WARN_STRICT_PROTOTYPES = YES;
				CLANG_WARN_SUSPICIOUS_MOVE = YES;
				CLANG_WARN_UNGUARDED_AVAILABILITY = YES_AGGRESSIVE;
				CLANG_WARN_UNREACHABLE_CODE = YES;
				CLANG_WARN__DUPLICATE_METHOD_MATCH = YES;
				COPY_PHASE_STRIP = NO;
				DEBUG_INFORMATION_FORMAT = "dwarf-with-dsym";
				ENABLE_NS_ASSERTIONS = NO;
				ENABLE_STRICT_OBJC_MSGSEND = YES;
				GCC_C_LANGUAGE_STANDARD = gnu11;
				GCC_NO_COMMON_BLOCKS = YES;
				GCC_WARN_64_TO_32_BIT_CONVERSION = YES;
				GCC_WARN_ABOUT_RETURN_TYPE = YES_ERROR;
				GCC_WARN_UNDECLARED_SELECTOR = YES;
				GCC_WARN_UNINITIALIZED_AUTOS = YES_AGGRESSIVE;
				GCC_WARN_UNUSED_FUNCTION = YES;
				GCC_WARN_UNUSED_VARIABLE = YES;
				IPHONEOS_DEPLOYMENT_TARGET = 14.2;
				MTL_ENABLE_DEBUG_INFO = NO;
				MTL_FAST_MATH = YES;
				SDKROOT = iphoneos;
				SWIFT_COMPILATION_MODE = wholemodule;
				SWIFT_OPTIMIZATION_LEVEL = "-O";
				VALIDATE_PRODUCT = YES;
			};
			name = Release;
		};
		BE046DCD25656CE3009A8430 /* Debug */ = {
			isa = XCBuildConfiguration;
			buildSettings = {
				ASSETCATALOG_COMPILER_APPICON_NAME = AppIcon;
				ASSETCATALOG_COMPILER_GLOBAL_ACCENT_COLOR_NAME = AccentColor;
				CODE_SIGN_STYLE = Automatic;
				DEVELOPMENT_ASSET_PATHS = "\"CollectionsWithSwiftUI/Preview Content\"";
				DEVELOPMENT_TEAM = "";
				ENABLE_PREVIEWS = YES;
				INFOPLIST_FILE = CollectionsWithSwiftUI/Info.plist;
				IPHONEOS_DEPLOYMENT_TARGET = 14.0;
				LD_RUNPATH_SEARCH_PATHS = (
					"$(inherited)",
					"@executable_path/Frameworks",
				);
				PRODUCT_BUNDLE_IDENTIFIER = codes.alessandra.CollectionsWithSwiftUI;
				PRODUCT_NAME = "$(TARGET_NAME)";
				SWIFT_VERSION = 5.0;
				TARGETED_DEVICE_FAMILY = "1,2";
			};
			name = Debug;
		};
		BE046DCE25656CE3009A8430 /* Release */ = {
			isa = XCBuildConfiguration;
			buildSettings = {
				ASSETCATALOG_COMPILER_APPICON_NAME = AppIcon;
				ASSETCATALOG_COMPILER_GLOBAL_ACCENT_COLOR_NAME = AccentColor;
				CODE_SIGN_STYLE = Automatic;
				DEVELOPMENT_ASSET_PATHS = "\"CollectionsWithSwiftUI/Preview Content\"";
				DEVELOPMENT_TEAM = "";
				ENABLE_PREVIEWS = YES;
				INFOPLIST_FILE = CollectionsWithSwiftUI/Info.plist;
				IPHONEOS_DEPLOYMENT_TARGET = 14.0;
				LD_RUNPATH_SEARCH_PATHS = (
					"$(inherited)",
					"@executable_path/Frameworks",
				);
				PRODUCT_BUNDLE_IDENTIFIER = codes.alessandra.CollectionsWithSwiftUI;
				PRODUCT_NAME = "$(TARGET_NAME)";
				SWIFT_VERSION = 5.0;
				TARGETED_DEVICE_FAMILY = "1,2";
			};
			name = Release;
		};
/* End XCBuildConfiguration section */

/* Begin XCConfigurationList section */
		BE046DB825656CE1009A8430 /* Build configuration list for PBXProject "CollectionsWithSwiftUI" */ = {
			isa = XCConfigurationList;
			buildConfigurations = (
				BE046DCA25656CE3009A8430 /* Debug */,
				BE046DCB25656CE3009A8430 /* Release */,
			);
			defaultConfigurationIsVisible = 0;
			defaultConfigurationName = Release;
		};
		BE046DCC25656CE3009A8430 /* Build configuration list for PBXNativeTarget "CollectionsWithSwiftUI" */ = {
			isa = XCConfigurationList;
			buildConfigurations = (
				BE046DCD25656CE3009A8430 /* Debug */,
				BE046DCE25656CE3009A8430 /* Release */,
			);
			defaultConfigurationIsVisible = 0;
			defaultConfigurationName = Release;
		};
/* End XCConfigurationList section */
	};
	rootObject = BE046DB525656CE1009A8430 /* Project object */;
}
